{
  "nodes": {
    "nixpkgs": {
      "locked": {
        "lastModified": 1685636800,
        "narHash": "sha256-IFJLwoO/E7AURXAmDqY09Oy3kisqElRuQeRo9mFhb0g=",
        "owner": "NixOS",
        "repo": "nixpkgs",
        "rev": "ddb3455e152edb633e171d51a5c1f12ae8d22641",
        "type": "github"
      },
      "original": {
        "owner": "NixOS",
        "repo": "nixpkgs",
        "type": "github"
      }
    },
    "root": {
      "inputs": {
        "nixpkgs": "nixpkgs"
      }
    }
  },
  "root": "root",
  "version": 7
}
